
Microsoft Visual Studio Solution File, Format Version 12.00
Project("{FAE04EC0-301F-11D3-BF4B-00C04F79EFBC}") = "DealFlow360.API", "DealFlow360.API\DealFlow360.API.csproj", "{5EA112E2-B31B-4E13-9A5A-A1732DF76189}"
EndProject
Global
	GlobalSection(SolutionConfigurationPlatforms) = preSolution
		Debug|Any CPU = Debug|Any CPU
		Release|Any CPU = Release|Any CPU
	EndGlobalSection
	GlobalSection(ProjectConfigurationPlatforms) = postSolution
		{5EA112E2-B31B-4E13-9A5A-A1732DF76189}.Debug|Any CPU.ActiveCfg = Debug|Any CPU
		{5EA112E2-B31B-4E13-9A5A-A1732DF76189}.Debug|Any CPU.Build.0 = Debug|Any CPU
		{5EA112E2-B31B-4E13-9A5A-A1732DF76189}.Release|Any CPU.ActiveCfg = Release|Any CPU
		{5EA112E2-B31B-4E13-9A5A-A1732DF76189}.Release|Any CPU.Build.0 = Release|Any CPU
	EndGlobalSection
EndGlobal
